
Microsoft Visual Studio Solution File, Format Version 12.00
# Visual Studio Version 16
VisualStudioVersion = 16.0.32901.82
MinimumVisualStudioVersion = 10.0.40219.1
Project("{FAE04EC0-301F-11D3-BF4B-00C04F79EFBC}") = "77_Matrix_Determinant", "77_Matrix_Determinant\77_Matrix_Determinant.csproj", "{05C96F8B-03FE-40CB-82F9-76D455F842B9}"
EndProject
Global
	GlobalSection(SolutionConfigurationPlatforms) = preSolution
		Debug|Any CPU = Debug|Any CPU
		Release|Any CPU = Release|Any CPU
	EndGlobalSection
	GlobalSection(ProjectConfigurationPlatforms) = postSolution
		{05C96F8B-03FE-40CB-82F9-76D455F842B9}.Debug|Any CPU.ActiveCfg = Debug|Any CPU
		{05C96F8B-03FE-40CB-82F9-76D455F842B9}.Debug|Any CPU.Build.0 = Debug|Any CPU
		{05C96F8B-03FE-40CB-82F9-76D455F842B9}.Release|Any CPU.ActiveCfg = Release|Any CPU
		{05C96F8B-03FE-40CB-82F9-76D455F842B9}.Release|Any CPU.Build.0 = Release|Any CPU
	EndGlobalSection
	GlobalSection(SolutionProperties) = preSolution
		HideSolutionNode = FALSE
	EndGlobalSection
	GlobalSection(ExtensibilityGlobals) = postSolution
		SolutionGuid = {62D3F9B1-98F5-44E0-8B4A-A8EC4FA8E181}
	EndGlobalSection
EndGlobal
