
Microsoft Visual Studio Solution File, Format Version 12.00
# Visual Studio Version 17
VisualStudioVersion = 17.14.36221.1 d17.14
MinimumVisualStudioVersion = 10.0.40219.1
Project("{FAE04EC0-301F-11D3-BF4B-00C04F79EFBC}") = "2_Value_Reference_Type", "2_Value_Reference_Type\2_Value_Reference_Type.csproj", "{014B07BE-C8B9-4869-8D8B-1470D19115D1}"
EndProject
Global
	GlobalSection(SolutionConfigurationPlatforms) = preSolution
		Debug|Any CPU = Debug|Any CPU
		Release|Any CPU = Release|Any CPU
	EndGlobalSection
	GlobalSection(ProjectConfigurationPlatforms) = postSolution
		{014B07BE-C8B9-4869-8D8B-1470D19115D1}.Debug|Any CPU.ActiveCfg = Debug|Any CPU
		{014B07BE-C8B9-4869-8D8B-1470D19115D1}.Debug|Any CPU.Build.0 = Debug|Any CPU
		{014B07BE-C8B9-4869-8D8B-1470D19115D1}.Release|Any CPU.ActiveCfg = Release|Any CPU
		{014B07BE-C8B9-4869-8D8B-1470D19115D1}.Release|Any CPU.Build.0 = Release|Any CPU
	EndGlobalSection
	GlobalSection(SolutionProperties) = preSolution
		HideSolutionNode = FALSE
	EndGlobalSection
	GlobalSection(ExtensibilityGlobals) = postSolution
		SolutionGuid = {AC5D49C8-EF4A-463A-AED3-53A9C6965288}
	EndGlobalSection
EndGlobal
