
Microsoft Visual Studio Solution File, Format Version 12.00
# Visual Studio Version 16
VisualStudioVersion = 16.0.32901.82
MinimumVisualStudioVersion = 10.0.40219.1
Project("{FAE04EC0-301F-11D3-BF4B-00C04F79EFBC}") = "13_Remote_Proxy", "13_Remote_Proxy\13_Remote_Proxy.csproj", "{BC71B36C-3629-4AB3-9352-A1CC5298BD10}"
EndProject
Global
	GlobalSection(SolutionConfigurationPlatforms) = preSolution
		Debug|Any CPU = Debug|Any CPU
		Release|Any CPU = Release|Any CPU
	EndGlobalSection
	GlobalSection(ProjectConfigurationPlatforms) = postSolution
		{BC71B36C-3629-4AB3-9352-A1CC5298BD10}.Debug|Any CPU.ActiveCfg = Debug|Any CPU
		{BC71B36C-3629-4AB3-9352-A1CC5298BD10}.Debug|Any CPU.Build.0 = Debug|Any CPU
		{BC71B36C-3629-4AB3-9352-A1CC5298BD10}.Release|Any CPU.ActiveCfg = Release|Any CPU
		{BC71B36C-3629-4AB3-9352-A1CC5298BD10}.Release|Any CPU.Build.0 = Release|Any CPU
	EndGlobalSection
	GlobalSection(SolutionProperties) = preSolution
		HideSolutionNode = FALSE
	EndGlobalSection
	GlobalSection(ExtensibilityGlobals) = postSolution
		SolutionGuid = {FF8E1342-5E9E-495C-9125-47E4BBCEB7C2}
	EndGlobalSection
EndGlobal
