
Microsoft Visual Studio Solution File, Format Version 12.00
# Visual Studio Version 16
VisualStudioVersion = 16.0.32901.82
MinimumVisualStudioVersion = 10.0.40219.1
Project("{FAE04EC0-301F-11D3-BF4B-00C04F79EFBC}") = "78_Josephus Survior", "78_Josephus Survior\78_Josephus Survior.csproj", "{87A27E49-F5EA-41E4-BA3B-EBC0C440E00F}"
EndProject
Global
	GlobalSection(SolutionConfigurationPlatforms) = preSolution
		Debug|Any CPU = Debug|Any CPU
		Release|Any CPU = Release|Any CPU
	EndGlobalSection
	GlobalSection(ProjectConfigurationPlatforms) = postSolution
		{87A27E49-F5EA-41E4-BA3B-EBC0C440E00F}.Debug|Any CPU.ActiveCfg = Debug|Any CPU
		{87A27E49-F5EA-41E4-BA3B-EBC0C440E00F}.Debug|Any CPU.Build.0 = Debug|Any CPU
		{87A27E49-F5EA-41E4-BA3B-EBC0C440E00F}.Release|Any CPU.ActiveCfg = Release|Any CPU
		{87A27E49-F5EA-41E4-BA3B-EBC0C440E00F}.Release|Any CPU.Build.0 = Release|Any CPU
	EndGlobalSection
	GlobalSection(SolutionProperties) = preSolution
		HideSolutionNode = FALSE
	EndGlobalSection
	GlobalSection(ExtensibilityGlobals) = postSolution
		SolutionGuid = {A88D89F7-49EC-4E5B-BDC6-7009416BD09F}
	EndGlobalSection
EndGlobal
