
Microsoft Visual Studio Solution File, Format Version 12.00
# Visual Studio Version 17
VisualStudioVersion = 17.14.36221.1 d17.14
MinimumVisualStudioVersion = 10.0.40219.1
Project("{FAE04EC0-301F-11D3-BF4B-00C04F79EFBC}") = "5_Pizza_Factory", "5_Pizza_Factory\5_Pizza_Factory.csproj", "{2072AE98-57DA-42A5-9CCF-779C7E2BD230}"
EndProject
Global
	GlobalSection(SolutionConfigurationPlatforms) = preSolution
		Debug|Any CPU = Debug|Any CPU
		Release|Any CPU = Release|Any CPU
	EndGlobalSection
	GlobalSection(ProjectConfigurationPlatforms) = postSolution
		{2072AE98-57DA-42A5-9CCF-779C7E2BD230}.Debug|Any CPU.ActiveCfg = Debug|Any CPU
		{2072AE98-57DA-42A5-9CCF-779C7E2BD230}.Debug|Any CPU.Build.0 = Debug|Any CPU
		{2072AE98-57DA-42A5-9CCF-779C7E2BD230}.Release|Any CPU.ActiveCfg = Release|Any CPU
		{2072AE98-57DA-42A5-9CCF-779C7E2BD230}.Release|Any CPU.Build.0 = Release|Any CPU
	EndGlobalSection
	GlobalSection(SolutionProperties) = preSolution
		HideSolutionNode = FALSE
	EndGlobalSection
	GlobalSection(ExtensibilityGlobals) = postSolution
		SolutionGuid = {0C8B3C03-8666-4E8F-B6B6-388062F1C210}
	EndGlobalSection
EndGlobal
