
Microsoft Visual Studio Solution File, Format Version 12.00
# Visual Studio Version 16
VisualStudioVersion = 16.0.32901.82
MinimumVisualStudioVersion = 10.0.40219.1
Project("{FAE04EC0-301F-11D3-BF4B-00C04F79EFBC}") = "51_WCF_Duplex_Client", "51_WCF_Duplex_Client\51_WCF_Duplex_Client.csproj", "{C84694E7-6697-4535-B21A-FCDAA868F7A1}"
EndProject
Global
	GlobalSection(SolutionConfigurationPlatforms) = preSolution
		Debug|Any CPU = Debug|Any CPU
		Release|Any CPU = Release|Any CPU
	EndGlobalSection
	GlobalSection(ProjectConfigurationPlatforms) = postSolution
		{C84694E7-6697-4535-B21A-FCDAA868F7A1}.Debug|Any CPU.ActiveCfg = Debug|Any CPU
		{C84694E7-6697-4535-B21A-FCDAA868F7A1}.Debug|Any CPU.Build.0 = Debug|Any CPU
		{C84694E7-6697-4535-B21A-FCDAA868F7A1}.Release|Any CPU.ActiveCfg = Release|Any CPU
		{C84694E7-6697-4535-B21A-FCDAA868F7A1}.Release|Any CPU.Build.0 = Release|Any CPU
	EndGlobalSection
	GlobalSection(SolutionProperties) = preSolution
		HideSolutionNode = FALSE
	EndGlobalSection
	GlobalSection(ExtensibilityGlobals) = postSolution
		SolutionGuid = {E2F16F48-1762-47C3-9D0B-6FACE51C94D2}
	EndGlobalSection
EndGlobal
