
Microsoft Visual Studio Solution File, Format Version 12.00
# Visual Studio Version 16
VisualStudioVersion = 16.0.32901.82
MinimumVisualStudioVersion = 10.0.40219.1
Project("{FAE04EC0-301F-11D3-BF4B-00C04F79EFBC}") = "98_String_Ordering", "98_String_Ordering\98_String_Ordering.csproj", "{1E5A0DF4-33DC-4C59-B047-DAB1F8BCF203}"
EndProject
Global
	GlobalSection(SolutionConfigurationPlatforms) = preSolution
		Debug|Any CPU = Debug|Any CPU
		Release|Any CPU = Release|Any CPU
	EndGlobalSection
	GlobalSection(ProjectConfigurationPlatforms) = postSolution
		{1E5A0DF4-33DC-4C59-B047-DAB1F8BCF203}.Debug|Any CPU.ActiveCfg = Debug|Any CPU
		{1E5A0DF4-33DC-4C59-B047-DAB1F8BCF203}.Debug|Any CPU.Build.0 = Debug|Any CPU
		{1E5A0DF4-33DC-4C59-B047-DAB1F8BCF203}.Release|Any CPU.ActiveCfg = Release|Any CPU
		{1E5A0DF4-33DC-4C59-B047-DAB1F8BCF203}.Release|Any CPU.Build.0 = Release|Any CPU
	EndGlobalSection
	GlobalSection(SolutionProperties) = preSolution
		HideSolutionNode = FALSE
	EndGlobalSection
	GlobalSection(ExtensibilityGlobals) = postSolution
		SolutionGuid = {1679644F-8920-4A61-B586-CD4AF962515D}
	EndGlobalSection
EndGlobal
