
Microsoft Visual Studio Solution File, Format Version 12.00
# Visual Studio Version 17
VisualStudioVersion = 17.14.36221.1 d17.14
MinimumVisualStudioVersion = 10.0.40219.1
Project("{FAE04EC0-301F-11D3-BF4B-00C04F79EFBC}") = "1_Introduction", "1_Introduction\1_Introduction.csproj", "{C65F5156-A68C-43B7-9E71-A0740BEDE49B}"
EndProject
Global
	GlobalSection(SolutionConfigurationPlatforms) = preSolution
		Debug|Any CPU = Debug|Any CPU
		Release|Any CPU = Release|Any CPU
	EndGlobalSection
	GlobalSection(ProjectConfigurationPlatforms) = postSolution
		{C65F5156-A68C-43B7-9E71-A0740BEDE49B}.Debug|Any CPU.ActiveCfg = Debug|Any CPU
		{C65F5156-A68C-43B7-9E71-A0740BEDE49B}.Debug|Any CPU.Build.0 = Debug|Any CPU
		{C65F5156-A68C-43B7-9E71-A0740BEDE49B}.Release|Any CPU.ActiveCfg = Release|Any CPU
		{C65F5156-A68C-43B7-9E71-A0740BEDE49B}.Release|Any CPU.Build.0 = Release|Any CPU
	EndGlobalSection
	GlobalSection(SolutionProperties) = preSolution
		HideSolutionNode = FALSE
	EndGlobalSection
	GlobalSection(ExtensibilityGlobals) = postSolution
		SolutionGuid = {019F8237-21D3-4C27-B83F-8BB2B9700502}
	EndGlobalSection
EndGlobal
