
Microsoft Visual Studio Solution File, Format Version 12.00
# Visual Studio Version 16
VisualStudioVersion = 16.0.32901.82
MinimumVisualStudioVersion = 10.0.40219.1
Project("{FAE04EC0-301F-11D3-BF4B-00C04F79EFBC}") = "13_Styles", "13_Styles\13_Styles.csproj", "{B197253D-C3DC-4F3B-B913-06594EE3E8B0}"
EndProject
Global
	GlobalSection(SolutionConfigurationPlatforms) = preSolution
		Debug|Any CPU = Debug|Any CPU
		Release|Any CPU = Release|Any CPU
	EndGlobalSection
	GlobalSection(ProjectConfigurationPlatforms) = postSolution
		{B197253D-C3DC-4F3B-B913-06594EE3E8B0}.Debug|Any CPU.ActiveCfg = Debug|Any CPU
		{B197253D-C3DC-4F3B-B913-06594EE3E8B0}.Debug|Any CPU.Build.0 = Debug|Any CPU
		{B197253D-C3DC-4F3B-B913-06594EE3E8B0}.Release|Any CPU.ActiveCfg = Release|Any CPU
		{B197253D-C3DC-4F3B-B913-06594EE3E8B0}.Release|Any CPU.Build.0 = Release|Any CPU
	EndGlobalSection
	GlobalSection(SolutionProperties) = preSolution
		HideSolutionNode = FALSE
	EndGlobalSection
	GlobalSection(ExtensibilityGlobals) = postSolution
		SolutionGuid = {E49A1CA4-4617-42F5-BCA4-5BDD5D414F10}
	EndGlobalSection
EndGlobal
