
Microsoft Visual Studio Solution File, Format Version 12.00
# Visual Studio Version 16
VisualStudioVersion = 16.0.32901.82
MinimumVisualStudioVersion = 10.0.40219.1
Project("{FAE04EC0-301F-11D3-BF4B-00C04F79EFBC}") = "5_WCF_Server1", "5_WCF_Server1\5_WCF_Server1.csproj", "{EF49FB33-9A2D-4AFF-846F-751AA0FE72F5}"
EndProject
Global
	GlobalSection(SolutionConfigurationPlatforms) = preSolution
		Debug|Any CPU = Debug|Any CPU
		Release|Any CPU = Release|Any CPU
	EndGlobalSection
	GlobalSection(ProjectConfigurationPlatforms) = postSolution
		{EF49FB33-9A2D-4AFF-846F-751AA0FE72F5}.Debug|Any CPU.ActiveCfg = Debug|Any CPU
		{EF49FB33-9A2D-4AFF-846F-751AA0FE72F5}.Debug|Any CPU.Build.0 = Debug|Any CPU
		{EF49FB33-9A2D-4AFF-846F-751AA0FE72F5}.Release|Any CPU.ActiveCfg = Release|Any CPU
		{EF49FB33-9A2D-4AFF-846F-751AA0FE72F5}.Release|Any CPU.Build.0 = Release|Any CPU
	EndGlobalSection
	GlobalSection(SolutionProperties) = preSolution
		HideSolutionNode = FALSE
	EndGlobalSection
	GlobalSection(ExtensibilityGlobals) = postSolution
		SolutionGuid = {C7578740-A57E-49F9-A1B7-5BA7A26F8A5E}
	EndGlobalSection
EndGlobal
