
Microsoft Visual Studio Solution File, Format Version 12.00
# Visual Studio Version 16
VisualStudioVersion = 16.0.32901.82
MinimumVisualStudioVersion = 10.0.40219.1
Project("{FAE04EC0-301F-11D3-BF4B-00C04F79EFBC}") = "8_Beign_Receive", "8_Beign_Receive\8_Beign_Receive.csproj", "{2E2FB489-1DB6-46F4-8B99-4861E818EC8C}"
EndProject
Global
	GlobalSection(SolutionConfigurationPlatforms) = preSolution
		Debug|Any CPU = Debug|Any CPU
		Release|Any CPU = Release|Any CPU
	EndGlobalSection
	GlobalSection(ProjectConfigurationPlatforms) = postSolution
		{2E2FB489-1DB6-46F4-8B99-4861E818EC8C}.Debug|Any CPU.ActiveCfg = Debug|Any CPU
		{2E2FB489-1DB6-46F4-8B99-4861E818EC8C}.Debug|Any CPU.Build.0 = Debug|Any CPU
		{2E2FB489-1DB6-46F4-8B99-4861E818EC8C}.Release|Any CPU.ActiveCfg = Release|Any CPU
		{2E2FB489-1DB6-46F4-8B99-4861E818EC8C}.Release|Any CPU.Build.0 = Release|Any CPU
	EndGlobalSection
	GlobalSection(SolutionProperties) = preSolution
		HideSolutionNode = FALSE
	EndGlobalSection
	GlobalSection(ExtensibilityGlobals) = postSolution
		SolutionGuid = {E65311F4-21A5-4F78-82FD-D72863A6094D}
	EndGlobalSection
EndGlobal
