
Microsoft Visual Studio Solution File, Format Version 12.00
# Visual Studio Version 16
VisualStudioVersion = 16.0.32901.82
MinimumVisualStudioVersion = 10.0.40219.1
Project("{FAE04EC0-301F-11D3-BF4B-00C04F79EFBC}") = "64_Simple_Pig_Latin", "64_Simple_Pig_Latin\64_Simple_Pig_Latin.csproj", "{54A890D8-691A-4D5C-9158-E0B374683466}"
EndProject
Global
	GlobalSection(SolutionConfigurationPlatforms) = preSolution
		Debug|Any CPU = Debug|Any CPU
		Release|Any CPU = Release|Any CPU
	EndGlobalSection
	GlobalSection(ProjectConfigurationPlatforms) = postSolution
		{54A890D8-691A-4D5C-9158-E0B374683466}.Debug|Any CPU.ActiveCfg = Debug|Any CPU
		{54A890D8-691A-4D5C-9158-E0B374683466}.Debug|Any CPU.Build.0 = Debug|Any CPU
		{54A890D8-691A-4D5C-9158-E0B374683466}.Release|Any CPU.ActiveCfg = Release|Any CPU
		{54A890D8-691A-4D5C-9158-E0B374683466}.Release|Any CPU.Build.0 = Release|Any CPU
	EndGlobalSection
	GlobalSection(SolutionProperties) = preSolution
		HideSolutionNode = FALSE
	EndGlobalSection
	GlobalSection(ExtensibilityGlobals) = postSolution
		SolutionGuid = {117D0457-F875-46D8-9BEF-010CC4B4D4D6}
	EndGlobalSection
EndGlobal
