
Microsoft Visual Studio Solution File, Format Version 12.00
# Visual Studio Version 16
VisualStudioVersion = 16.0.32901.82
MinimumVisualStudioVersion = 10.0.40219.1
Project("{FAE04EC0-301F-11D3-BF4B-00C04F79EFBC}") = "37_Square_Every_Digit", "37_Square_Every_Digit\37_Square_Every_Digit.csproj", "{4A64584C-B6DF-4EE0-BAC6-2C7524C8C3D1}"
EndProject
Global
	GlobalSection(SolutionConfigurationPlatforms) = preSolution
		Debug|Any CPU = Debug|Any CPU
		Release|Any CPU = Release|Any CPU
	EndGlobalSection
	GlobalSection(ProjectConfigurationPlatforms) = postSolution
		{4A64584C-B6DF-4EE0-BAC6-2C7524C8C3D1}.Debug|Any CPU.ActiveCfg = Debug|Any CPU
		{4A64584C-B6DF-4EE0-BAC6-2C7524C8C3D1}.Debug|Any CPU.Build.0 = Debug|Any CPU
		{4A64584C-B6DF-4EE0-BAC6-2C7524C8C3D1}.Release|Any CPU.ActiveCfg = Release|Any CPU
		{4A64584C-B6DF-4EE0-BAC6-2C7524C8C3D1}.Release|Any CPU.Build.0 = Release|Any CPU
	EndGlobalSection
	GlobalSection(SolutionProperties) = preSolution
		HideSolutionNode = FALSE
	EndGlobalSection
	GlobalSection(ExtensibilityGlobals) = postSolution
		SolutionGuid = {39283426-E27A-41BB-BDB6-4EAB71F26BC1}
	EndGlobalSection
EndGlobal
