
Microsoft Visual Studio Solution File, Format Version 12.00
# Visual Studio Version 16
VisualStudioVersion = 16.0.32901.82
MinimumVisualStudioVersion = 10.0.40219.1
Project("{FAE04EC0-301F-11D3-BF4B-00C04F79EFBC}") = "63_WPF_SfChart", "63_WPF_SfChart\63_WPF_SfChart.csproj", "{6EDDA638-6D17-4D20-BAF2-915422F3D070}"
EndProject
Global
	GlobalSection(SolutionConfigurationPlatforms) = preSolution
		Debug|Any CPU = Debug|Any CPU
		Release|Any CPU = Release|Any CPU
	EndGlobalSection
	GlobalSection(ProjectConfigurationPlatforms) = postSolution
		{6EDDA638-6D17-4D20-BAF2-915422F3D070}.Debug|Any CPU.ActiveCfg = Debug|Any CPU
		{6EDDA638-6D17-4D20-BAF2-915422F3D070}.Debug|Any CPU.Build.0 = Debug|Any CPU
		{6EDDA638-6D17-4D20-BAF2-915422F3D070}.Release|Any CPU.ActiveCfg = Release|Any CPU
		{6EDDA638-6D17-4D20-BAF2-915422F3D070}.Release|Any CPU.Build.0 = Release|Any CPU
	EndGlobalSection
	GlobalSection(SolutionProperties) = preSolution
		HideSolutionNode = FALSE
	EndGlobalSection
	GlobalSection(ExtensibilityGlobals) = postSolution
		SolutionGuid = {1C87941A-C2B3-4EA4-9C2C-88C47FD50178}
	EndGlobalSection
EndGlobal
