
Microsoft Visual Studio Solution File, Format Version 12.00
# Visual Studio Version 16
VisualStudioVersion = 16.0.32901.82
MinimumVisualStudioVersion = 10.0.40219.1
Project("{FAE04EC0-301F-11D3-BF4B-00C04F79EFBC}") = "80_Not_Very_Secure", "80_Not_Very_Secure\80_Not_Very_Secure.csproj", "{27C3E6FE-ACA8-416D-BABC-4A0636801454}"
EndProject
Global
	GlobalSection(SolutionConfigurationPlatforms) = preSolution
		Debug|Any CPU = Debug|Any CPU
		Release|Any CPU = Release|Any CPU
	EndGlobalSection
	GlobalSection(ProjectConfigurationPlatforms) = postSolution
		{27C3E6FE-ACA8-416D-BABC-4A0636801454}.Debug|Any CPU.ActiveCfg = Debug|Any CPU
		{27C3E6FE-ACA8-416D-BABC-4A0636801454}.Debug|Any CPU.Build.0 = Debug|Any CPU
		{27C3E6FE-ACA8-416D-BABC-4A0636801454}.Release|Any CPU.ActiveCfg = Release|Any CPU
		{27C3E6FE-ACA8-416D-BABC-4A0636801454}.Release|Any CPU.Build.0 = Release|Any CPU
	EndGlobalSection
	GlobalSection(SolutionProperties) = preSolution
		HideSolutionNode = FALSE
	EndGlobalSection
	GlobalSection(ExtensibilityGlobals) = postSolution
		SolutionGuid = {3938EC43-F37F-48D1-9400-DDC23E855559}
	EndGlobalSection
EndGlobal
