
Microsoft Visual Studio Solution File, Format Version 12.00
# Visual Studio Version 16
VisualStudioVersion = 16.0.32901.82
MinimumVisualStudioVersion = 10.0.40219.1
Project("{FAE04EC0-301F-11D3-BF4B-00C04F79EFBC}") = "2_Edit_Config", "2_Edit_Config\2_Edit_Config.csproj", "{B816EFB0-DC39-44D9-B507-42AF5730D7CF}"
EndProject
Project("{2150E333-8FDC-42A3-9474-1A3956D46DE8}") = "Solution Items", "Solution Items", "{5CD474A7-7ED3-4BB6-AC16-C4BD6068D2E4}"
	ProjectSection(SolutionItems) = preProject
		.editorconfig = .editorconfig
	EndProjectSection
EndProject
Global
	GlobalSection(SolutionConfigurationPlatforms) = preSolution
		Debug|Any CPU = Debug|Any CPU
		Release|Any CPU = Release|Any CPU
	EndGlobalSection
	GlobalSection(ProjectConfigurationPlatforms) = postSolution
		{B816EFB0-DC39-44D9-B507-42AF5730D7CF}.Debug|Any CPU.ActiveCfg = Debug|Any CPU
		{B816EFB0-DC39-44D9-B507-42AF5730D7CF}.Debug|Any CPU.Build.0 = Debug|Any CPU
		{B816EFB0-DC39-44D9-B507-42AF5730D7CF}.Release|Any CPU.ActiveCfg = Release|Any CPU
		{B816EFB0-DC39-44D9-B507-42AF5730D7CF}.Release|Any CPU.Build.0 = Release|Any CPU
	EndGlobalSection
	GlobalSection(SolutionProperties) = preSolution
		HideSolutionNode = FALSE
	EndGlobalSection
	GlobalSection(ExtensibilityGlobals) = postSolution
		SolutionGuid = {11BEE245-9A72-4C76-A2A5-B6ECE9F74C64}
	EndGlobalSection
EndGlobal
