
Microsoft Visual Studio Solution File, Format Version 12.00
# Visual Studio Version 16
VisualStudioVersion = 16.0.32901.82
MinimumVisualStudioVersion = 10.0.40219.1
Project("{FAE04EC0-301F-11D3-BF4B-00C04F79EFBC}") = "5_Modbus_Mirror", "5_Modbus_Mirror\5_Modbus_Mirror.csproj", "{0DE0A332-935B-49DB-BE46-077729F886CB}"
EndProject
Global
	GlobalSection(SolutionConfigurationPlatforms) = preSolution
		Debug|Any CPU = Debug|Any CPU
		Release|Any CPU = Release|Any CPU
	EndGlobalSection
	GlobalSection(ProjectConfigurationPlatforms) = postSolution
		{0DE0A332-935B-49DB-BE46-077729F886CB}.Debug|Any CPU.ActiveCfg = Debug|Any CPU
		{0DE0A332-935B-49DB-BE46-077729F886CB}.Debug|Any CPU.Build.0 = Debug|Any CPU
		{0DE0A332-935B-49DB-BE46-077729F886CB}.Release|Any CPU.ActiveCfg = Release|Any CPU
		{0DE0A332-935B-49DB-BE46-077729F886CB}.Release|Any CPU.Build.0 = Release|Any CPU
	EndGlobalSection
	GlobalSection(SolutionProperties) = preSolution
		HideSolutionNode = FALSE
	EndGlobalSection
	GlobalSection(ExtensibilityGlobals) = postSolution
		SolutionGuid = {B539B775-0341-4FAA-8A12-1BCFA190B9D8}
	EndGlobalSection
EndGlobal
