
Microsoft Visual Studio Solution File, Format Version 12.00
# Visual Studio Version 16
VisualStudioVersion = 16.0.32901.82
MinimumVisualStudioVersion = 10.0.40219.1
Project("{FAE04EC0-301F-11D3-BF4B-00C04F79EFBC}") = "11_NetworkStream_Server", "11_NetworkStream_Server\11_NetworkStream_Server.csproj", "{BBC7D1AF-3C62-401E-B75F-252EBD684F92}"
EndProject
Global
	GlobalSection(SolutionConfigurationPlatforms) = preSolution
		Debug|Any CPU = Debug|Any CPU
		Release|Any CPU = Release|Any CPU
	EndGlobalSection
	GlobalSection(ProjectConfigurationPlatforms) = postSolution
		{BBC7D1AF-3C62-401E-B75F-252EBD684F92}.Debug|Any CPU.ActiveCfg = Debug|Any CPU
		{BBC7D1AF-3C62-401E-B75F-252EBD684F92}.Debug|Any CPU.Build.0 = Debug|Any CPU
		{BBC7D1AF-3C62-401E-B75F-252EBD684F92}.Release|Any CPU.ActiveCfg = Release|Any CPU
		{BBC7D1AF-3C62-401E-B75F-252EBD684F92}.Release|Any CPU.Build.0 = Release|Any CPU
	EndGlobalSection
	GlobalSection(SolutionProperties) = preSolution
		HideSolutionNode = FALSE
	EndGlobalSection
	GlobalSection(ExtensibilityGlobals) = postSolution
		SolutionGuid = {6509D26C-9074-4AFC-BBC9-9B120B6DDAA9}
	EndGlobalSection
EndGlobal
