
Microsoft Visual Studio Solution File, Format Version 12.00
# Visual Studio Version 17
VisualStudioVersion = 17.14.36221.1 d17.14
MinimumVisualStudioVersion = 10.0.40219.1
Project("{FAE04EC0-301F-11D3-BF4B-00C04F79EFBC}") = "1_StreamReader", "1_StreamReader\1_StreamReader.csproj", "{6650735F-ECB8-48FC-9A69-EE51DE689FE8}"
EndProject
Global
	GlobalSection(SolutionConfigurationPlatforms) = preSolution
		Debug|Any CPU = Debug|Any CPU
		Release|Any CPU = Release|Any CPU
	EndGlobalSection
	GlobalSection(ProjectConfigurationPlatforms) = postSolution
		{6650735F-ECB8-48FC-9A69-EE51DE689FE8}.Debug|Any CPU.ActiveCfg = Debug|Any CPU
		{6650735F-ECB8-48FC-9A69-EE51DE689FE8}.Debug|Any CPU.Build.0 = Debug|Any CPU
		{6650735F-ECB8-48FC-9A69-EE51DE689FE8}.Release|Any CPU.ActiveCfg = Release|Any CPU
		{6650735F-ECB8-48FC-9A69-EE51DE689FE8}.Release|Any CPU.Build.0 = Release|Any CPU
	EndGlobalSection
	GlobalSection(SolutionProperties) = preSolution
		HideSolutionNode = FALSE
	EndGlobalSection
	GlobalSection(ExtensibilityGlobals) = postSolution
		SolutionGuid = {2196B130-7411-4B71-84DB-8EC754A3B631}
	EndGlobalSection
EndGlobal
