
Microsoft Visual Studio Solution File, Format Version 12.00
# Visual Studio Version 16
VisualStudioVersion = 16.0.32901.82
MinimumVisualStudioVersion = 10.0.40219.1
Project("{FAE04EC0-301F-11D3-BF4B-00C04F79EFBC}") = "11_Abstract_Factory", "11_Abstract_Factory\11_Abstract_Factory.csproj", "{566CBC2E-4277-478F-9270-B1656A599C17}"
EndProject
Global
	GlobalSection(SolutionConfigurationPlatforms) = preSolution
		Debug|Any CPU = Debug|Any CPU
		Release|Any CPU = Release|Any CPU
	EndGlobalSection
	GlobalSection(ProjectConfigurationPlatforms) = postSolution
		{566CBC2E-4277-478F-9270-B1656A599C17}.Debug|Any CPU.ActiveCfg = Debug|Any CPU
		{566CBC2E-4277-478F-9270-B1656A599C17}.Debug|Any CPU.Build.0 = Debug|Any CPU
		{566CBC2E-4277-478F-9270-B1656A599C17}.Release|Any CPU.ActiveCfg = Release|Any CPU
		{566CBC2E-4277-478F-9270-B1656A599C17}.Release|Any CPU.Build.0 = Release|Any CPU
	EndGlobalSection
	GlobalSection(SolutionProperties) = preSolution
		HideSolutionNode = FALSE
	EndGlobalSection
	GlobalSection(ExtensibilityGlobals) = postSolution
		SolutionGuid = {AB10455A-EA82-487E-98CA-8FD43B18B53B}
	EndGlobalSection
EndGlobal
