
Microsoft Visual Studio Solution File, Format Version 12.00
# Visual Studio Version 16
VisualStudioVersion = 16.0.32901.82
MinimumVisualStudioVersion = 10.0.40219.1
Project("{FAE04EC0-301F-11D3-BF4B-00C04F79EFBC}") = "65_Async_Await", "65_Async_Await\65_Async_Await.csproj", "{4E711B43-4EE1-4458-A47E-C0B9D662929C}"
EndProject
Global
	GlobalSection(SolutionConfigurationPlatforms) = preSolution
		Debug|Any CPU = Debug|Any CPU
		Release|Any CPU = Release|Any CPU
	EndGlobalSection
	GlobalSection(ProjectConfigurationPlatforms) = postSolution
		{4E711B43-4EE1-4458-A47E-C0B9D662929C}.Debug|Any CPU.ActiveCfg = Debug|Any CPU
		{4E711B43-4EE1-4458-A47E-C0B9D662929C}.Debug|Any CPU.Build.0 = Debug|Any CPU
		{4E711B43-4EE1-4458-A47E-C0B9D662929C}.Release|Any CPU.ActiveCfg = Release|Any CPU
		{4E711B43-4EE1-4458-A47E-C0B9D662929C}.Release|Any CPU.Build.0 = Release|Any CPU
	EndGlobalSection
	GlobalSection(SolutionProperties) = preSolution
		HideSolutionNode = FALSE
	EndGlobalSection
	GlobalSection(ExtensibilityGlobals) = postSolution
		SolutionGuid = {6B9A6E49-93DA-4359-B1F6-FB28C5CFB1C7}
	EndGlobalSection
EndGlobal
