
Microsoft Visual Studio Solution File, Format Version 12.00
# Visual Studio Version 16
VisualStudioVersion = 16.0.32901.82
MinimumVisualStudioVersion = 10.0.40219.1
Project("{FAE04EC0-301F-11D3-BF4B-00C04F79EFBC}") = "62_Remote_DB_Connection", "62_Remote_DB_Connection\62_Remote_DB_Connection.csproj", "{61625177-24D9-455B-A9F7-178BA4103631}"
EndProject
Global
	GlobalSection(SolutionConfigurationPlatforms) = preSolution
		Debug|Any CPU = Debug|Any CPU
		Release|Any CPU = Release|Any CPU
	EndGlobalSection
	GlobalSection(ProjectConfigurationPlatforms) = postSolution
		{61625177-24D9-455B-A9F7-178BA4103631}.Debug|Any CPU.ActiveCfg = Debug|Any CPU
		{61625177-24D9-455B-A9F7-178BA4103631}.Debug|Any CPU.Build.0 = Debug|Any CPU
		{61625177-24D9-455B-A9F7-178BA4103631}.Release|Any CPU.ActiveCfg = Release|Any CPU
		{61625177-24D9-455B-A9F7-178BA4103631}.Release|Any CPU.Build.0 = Release|Any CPU
	EndGlobalSection
	GlobalSection(SolutionProperties) = preSolution
		HideSolutionNode = FALSE
	EndGlobalSection
	GlobalSection(ExtensibilityGlobals) = postSolution
		SolutionGuid = {B4FEE950-C083-4622-8E7D-EF208F28C54A}
	EndGlobalSection
EndGlobal
