
Microsoft Visual Studio Solution File, Format Version 12.00
# Visual Studio Version 16
VisualStudioVersion = 16.0.32901.82
MinimumVisualStudioVersion = 10.0.40219.1
Project("{FAE04EC0-301F-11D3-BF4B-00C04F79EFBC}") = "6_WCF_Client1", "6_WCF_Client1\6_WCF_Client1.csproj", "{95E54E8A-B1F2-4704-BFBE-A21B8A9F8DC3}"
EndProject
Global
	GlobalSection(SolutionConfigurationPlatforms) = preSolution
		Debug|Any CPU = Debug|Any CPU
		Release|Any CPU = Release|Any CPU
	EndGlobalSection
	GlobalSection(ProjectConfigurationPlatforms) = postSolution
		{95E54E8A-B1F2-4704-BFBE-A21B8A9F8DC3}.Debug|Any CPU.ActiveCfg = Debug|Any CPU
		{95E54E8A-B1F2-4704-BFBE-A21B8A9F8DC3}.Debug|Any CPU.Build.0 = Debug|Any CPU
		{95E54E8A-B1F2-4704-BFBE-A21B8A9F8DC3}.Release|Any CPU.ActiveCfg = Release|Any CPU
		{95E54E8A-B1F2-4704-BFBE-A21B8A9F8DC3}.Release|Any CPU.Build.0 = Release|Any CPU
	EndGlobalSection
	GlobalSection(SolutionProperties) = preSolution
		HideSolutionNode = FALSE
	EndGlobalSection
	GlobalSection(ExtensibilityGlobals) = postSolution
		SolutionGuid = {DAD31206-CCF1-4121-BF9F-425F23EDB555}
	EndGlobalSection
EndGlobal
