
Microsoft Visual Studio Solution File, Format Version 12.00
# Visual Studio Version 16
VisualStudioVersion = 16.0.32901.82
MinimumVisualStudioVersion = 10.0.40219.1
Project("{FAE04EC0-301F-11D3-BF4B-00C04F79EFBC}") = "42_Dispose_Pattern", "42_Dispose_Pattern\42_Dispose_Pattern.csproj", "{D0DCD7B8-9BC4-4769-BBBD-662D350C4E4B}"
EndProject
Global
	GlobalSection(SolutionConfigurationPlatforms) = preSolution
		Debug|Any CPU = Debug|Any CPU
		Release|Any CPU = Release|Any CPU
	EndGlobalSection
	GlobalSection(ProjectConfigurationPlatforms) = postSolution
		{D0DCD7B8-9BC4-4769-BBBD-662D350C4E4B}.Debug|Any CPU.ActiveCfg = Debug|Any CPU
		{D0DCD7B8-9BC4-4769-BBBD-662D350C4E4B}.Debug|Any CPU.Build.0 = Debug|Any CPU
		{D0DCD7B8-9BC4-4769-BBBD-662D350C4E4B}.Release|Any CPU.ActiveCfg = Release|Any CPU
		{D0DCD7B8-9BC4-4769-BBBD-662D350C4E4B}.Release|Any CPU.Build.0 = Release|Any CPU
	EndGlobalSection
	GlobalSection(SolutionProperties) = preSolution
		HideSolutionNode = FALSE
	EndGlobalSection
	GlobalSection(ExtensibilityGlobals) = postSolution
		SolutionGuid = {1CD2CB44-EC78-49E4-92C6-879E6E663A49}
	EndGlobalSection
EndGlobal
