
Microsoft Visual Studio Solution File, Format Version 12.00
# Visual Studio Version 17
VisualStudioVersion = 17.14.36221.1 d17.14
MinimumVisualStudioVersion = 10.0.40219.1
Project("{FAE04EC0-301F-11D3-BF4B-00C04F79EFBC}") = "3_Http_Client", "3_Http_Client\3_Http_Client.csproj", "{DB5EF8BE-5C01-4E4C-8C92-52FD7E59F900}"
EndProject
Global
	GlobalSection(SolutionConfigurationPlatforms) = preSolution
		Debug|Any CPU = Debug|Any CPU
		Release|Any CPU = Release|Any CPU
	EndGlobalSection
	GlobalSection(ProjectConfigurationPlatforms) = postSolution
		{DB5EF8BE-5C01-4E4C-8C92-52FD7E59F900}.Debug|Any CPU.ActiveCfg = Debug|Any CPU
		{DB5EF8BE-5C01-4E4C-8C92-52FD7E59F900}.Debug|Any CPU.Build.0 = Debug|Any CPU
		{DB5EF8BE-5C01-4E4C-8C92-52FD7E59F900}.Release|Any CPU.ActiveCfg = Release|Any CPU
		{DB5EF8BE-5C01-4E4C-8C92-52FD7E59F900}.Release|Any CPU.Build.0 = Release|Any CPU
	EndGlobalSection
	GlobalSection(SolutionProperties) = preSolution
		HideSolutionNode = FALSE
	EndGlobalSection
	GlobalSection(ExtensibilityGlobals) = postSolution
		SolutionGuid = {C75569F3-6316-4593-9D75-AE6FDF67B260}
	EndGlobalSection
EndGlobal
