
Microsoft Visual Studio Solution File, Format Version 12.00
# Visual Studio Version 16
VisualStudioVersion = 16.0.32901.82
MinimumVisualStudioVersion = 10.0.40219.1
Project("{FAE04EC0-301F-11D3-BF4B-00C04F79EFBC}") = "10_Thread_Affinity", "10_Thread_Affinity\10_Thread_Affinity.csproj", "{B3DA7889-5DCB-4623-B462-95A999A6014B}"
EndProject
Global
	GlobalSection(SolutionConfigurationPlatforms) = preSolution
		Debug|Any CPU = Debug|Any CPU
		Release|Any CPU = Release|Any CPU
	EndGlobalSection
	GlobalSection(ProjectConfigurationPlatforms) = postSolution
		{B3DA7889-5DCB-4623-B462-95A999A6014B}.Debug|Any CPU.ActiveCfg = Debug|Any CPU
		{B3DA7889-5DCB-4623-B462-95A999A6014B}.Debug|Any CPU.Build.0 = Debug|Any CPU
		{B3DA7889-5DCB-4623-B462-95A999A6014B}.Release|Any CPU.ActiveCfg = Release|Any CPU
		{B3DA7889-5DCB-4623-B462-95A999A6014B}.Release|Any CPU.Build.0 = Release|Any CPU
	EndGlobalSection
	GlobalSection(SolutionProperties) = preSolution
		HideSolutionNode = FALSE
	EndGlobalSection
	GlobalSection(ExtensibilityGlobals) = postSolution
		SolutionGuid = {2C9E4B91-984D-4FCD-ADB6-6EDF53BA76EA}
	EndGlobalSection
EndGlobal
