
Microsoft Visual Studio Solution File, Format Version 12.00
# Visual Studio Version 16
VisualStudioVersion = 16.0.32901.82
MinimumVisualStudioVersion = 10.0.40219.1
Project("{FAE04EC0-301F-11D3-BF4B-00C04F79EFBC}") = "66_Async_Performance", "66_Async_Performance\66_Async_Performance.csproj", "{D748DD40-1231-4CA2-8A5E-3FA68C7D5898}"
EndProject
Global
	GlobalSection(SolutionConfigurationPlatforms) = preSolution
		Debug|Any CPU = Debug|Any CPU
		Release|Any CPU = Release|Any CPU
	EndGlobalSection
	GlobalSection(ProjectConfigurationPlatforms) = postSolution
		{D748DD40-1231-4CA2-8A5E-3FA68C7D5898}.Debug|Any CPU.ActiveCfg = Debug|Any CPU
		{D748DD40-1231-4CA2-8A5E-3FA68C7D5898}.Debug|Any CPU.Build.0 = Debug|Any CPU
		{D748DD40-1231-4CA2-8A5E-3FA68C7D5898}.Release|Any CPU.ActiveCfg = Release|Any CPU
		{D748DD40-1231-4CA2-8A5E-3FA68C7D5898}.Release|Any CPU.Build.0 = Release|Any CPU
	EndGlobalSection
	GlobalSection(SolutionProperties) = preSolution
		HideSolutionNode = FALSE
	EndGlobalSection
	GlobalSection(ExtensibilityGlobals) = postSolution
		SolutionGuid = {122E7C85-44CD-445C-B06A-B5719E08CBD2}
	EndGlobalSection
EndGlobal
