
Microsoft Visual Studio Solution File, Format Version 12.00
# Visual Studio Version 16
VisualStudioVersion = 16.0.32901.82
MinimumVisualStudioVersion = 10.0.40219.1
Project("{FAE04EC0-301F-11D3-BF4B-00C04F79EFBC}") = "16_BlockingCollection", "16_BlockingCollection\16_BlockingCollection.csproj", "{4E70EEB8-FA4F-4E2C-BB61-77407DF8A412}"
EndProject
Global
	GlobalSection(SolutionConfigurationPlatforms) = preSolution
		Debug|Any CPU = Debug|Any CPU
		Release|Any CPU = Release|Any CPU
	EndGlobalSection
	GlobalSection(ProjectConfigurationPlatforms) = postSolution
		{4E70EEB8-FA4F-4E2C-BB61-77407DF8A412}.Debug|Any CPU.ActiveCfg = Debug|Any CPU
		{4E70EEB8-FA4F-4E2C-BB61-77407DF8A412}.Debug|Any CPU.Build.0 = Debug|Any CPU
		{4E70EEB8-FA4F-4E2C-BB61-77407DF8A412}.Release|Any CPU.ActiveCfg = Release|Any CPU
		{4E70EEB8-FA4F-4E2C-BB61-77407DF8A412}.Release|Any CPU.Build.0 = Release|Any CPU
	EndGlobalSection
	GlobalSection(SolutionProperties) = preSolution
		HideSolutionNode = FALSE
	EndGlobalSection
	GlobalSection(ExtensibilityGlobals) = postSolution
		SolutionGuid = {96D68E50-1B73-4467-8005-B8131B0A93DC}
	EndGlobalSection
EndGlobal
