
Microsoft Visual Studio Solution File, Format Version 12.00
# Visual Studio Version 16
VisualStudioVersion = 16.0.32901.82
MinimumVisualStudioVersion = 10.0.40219.1
Project("{FAE04EC0-301F-11D3-BF4B-00C04F79EFBC}") = "55_WCF_Data_Contract_Client", "55_WCF_Data_Contract_Client\55_WCF_Data_Contract_Client.csproj", "{4AD76F9B-A71F-4AAA-87C4-505547C2633E}"
EndProject
Global
	GlobalSection(SolutionConfigurationPlatforms) = preSolution
		Debug|Any CPU = Debug|Any CPU
		Release|Any CPU = Release|Any CPU
	EndGlobalSection
	GlobalSection(ProjectConfigurationPlatforms) = postSolution
		{4AD76F9B-A71F-4AAA-87C4-505547C2633E}.Debug|Any CPU.ActiveCfg = Debug|Any CPU
		{4AD76F9B-A71F-4AAA-87C4-505547C2633E}.Debug|Any CPU.Build.0 = Debug|Any CPU
		{4AD76F9B-A71F-4AAA-87C4-505547C2633E}.Release|Any CPU.ActiveCfg = Release|Any CPU
		{4AD76F9B-A71F-4AAA-87C4-505547C2633E}.Release|Any CPU.Build.0 = Release|Any CPU
	EndGlobalSection
	GlobalSection(SolutionProperties) = preSolution
		HideSolutionNode = FALSE
	EndGlobalSection
	GlobalSection(ExtensibilityGlobals) = postSolution
		SolutionGuid = {E17AB796-5DF8-424F-B977-144F557291AA}
	EndGlobalSection
EndGlobal
