
Microsoft Visual Studio Solution File, Format Version 12.00
# Visual Studio Version 16
VisualStudioVersion = 16.0.32901.82
MinimumVisualStudioVersion = 10.0.40219.1
Project("{FAE04EC0-301F-11D3-BF4B-00C04F79EFBC}") = "39_WCF_Recconnection_Server", "39_WCF_Recconnection_Server\39_WCF_Recconnection_Server.csproj", "{10C45518-2CE5-4E40-A591-F56042CF9BE9}"
EndProject
Global
	GlobalSection(SolutionConfigurationPlatforms) = preSolution
		Debug|Any CPU = Debug|Any CPU
		Release|Any CPU = Release|Any CPU
	EndGlobalSection
	GlobalSection(ProjectConfigurationPlatforms) = postSolution
		{10C45518-2CE5-4E40-A591-F56042CF9BE9}.Debug|Any CPU.ActiveCfg = Debug|Any CPU
		{10C45518-2CE5-4E40-A591-F56042CF9BE9}.Debug|Any CPU.Build.0 = Debug|Any CPU
		{10C45518-2CE5-4E40-A591-F56042CF9BE9}.Release|Any CPU.ActiveCfg = Release|Any CPU
		{10C45518-2CE5-4E40-A591-F56042CF9BE9}.Release|Any CPU.Build.0 = Release|Any CPU
	EndGlobalSection
	GlobalSection(SolutionProperties) = preSolution
		HideSolutionNode = FALSE
	EndGlobalSection
	GlobalSection(ExtensibilityGlobals) = postSolution
		SolutionGuid = {3249203C-C776-49D4-A681-79AB2C4F2E1F}
	EndGlobalSection
EndGlobal
