
Microsoft Visual Studio Solution File, Format Version 12.00
# Visual Studio Version 16
VisualStudioVersion = 16.0.32901.82
MinimumVisualStudioVersion = 10.0.40219.1
Project("{FAE04EC0-301F-11D3-BF4B-00C04F79EFBC}") = "14_Drag_And_Drop", "14_Drag_And_Drop\14_Drag_And_Drop.csproj", "{8C49A2AD-418E-48A0-BD0C-E5134B3ECAA3}"
EndProject
Global
	GlobalSection(SolutionConfigurationPlatforms) = preSolution
		Debug|Any CPU = Debug|Any CPU
		Release|Any CPU = Release|Any CPU
	EndGlobalSection
	GlobalSection(ProjectConfigurationPlatforms) = postSolution
		{8C49A2AD-418E-48A0-BD0C-E5134B3ECAA3}.Debug|Any CPU.ActiveCfg = Debug|Any CPU
		{8C49A2AD-418E-48A0-BD0C-E5134B3ECAA3}.Debug|Any CPU.Build.0 = Debug|Any CPU
		{8C49A2AD-418E-48A0-BD0C-E5134B3ECAA3}.Release|Any CPU.ActiveCfg = Release|Any CPU
		{8C49A2AD-418E-48A0-BD0C-E5134B3ECAA3}.Release|Any CPU.Build.0 = Release|Any CPU
	EndGlobalSection
	GlobalSection(SolutionProperties) = preSolution
		HideSolutionNode = FALSE
	EndGlobalSection
	GlobalSection(ExtensibilityGlobals) = postSolution
		SolutionGuid = {488569BF-9DC6-49F3-9E22-1473D18AE629}
	EndGlobalSection
EndGlobal
