
Microsoft Visual Studio Solution File, Format Version 12.00
# Visual Studio Version 16
VisualStudioVersion = 16.0.32901.82
MinimumVisualStudioVersion = 10.0.40219.1
Project("{FAE04EC0-301F-11D3-BF4B-00C04F79EFBC}") = "73_Toggle_Button", "73_Toggle_Button\73_Toggle_Button.csproj", "{6BCD3FB8-6118-40CC-88C8-BDF0B7417EEB}"
EndProject
Global
	GlobalSection(SolutionConfigurationPlatforms) = preSolution
		Debug|Any CPU = Debug|Any CPU
		Release|Any CPU = Release|Any CPU
	EndGlobalSection
	GlobalSection(ProjectConfigurationPlatforms) = postSolution
		{6BCD3FB8-6118-40CC-88C8-BDF0B7417EEB}.Debug|Any CPU.ActiveCfg = Debug|Any CPU
		{6BCD3FB8-6118-40CC-88C8-BDF0B7417EEB}.Debug|Any CPU.Build.0 = Debug|Any CPU
		{6BCD3FB8-6118-40CC-88C8-BDF0B7417EEB}.Release|Any CPU.ActiveCfg = Release|Any CPU
		{6BCD3FB8-6118-40CC-88C8-BDF0B7417EEB}.Release|Any CPU.Build.0 = Release|Any CPU
	EndGlobalSection
	GlobalSection(SolutionProperties) = preSolution
		HideSolutionNode = FALSE
	EndGlobalSection
	GlobalSection(ExtensibilityGlobals) = postSolution
		SolutionGuid = {8784E218-FBB4-4BEF-910D-5D55A3DD865B}
	EndGlobalSection
EndGlobal
