
Microsoft Visual Studio Solution File, Format Version 12.00
# Visual Studio Version 17
VisualStudioVersion = 17.14.36221.1 d17.14
MinimumVisualStudioVersion = 10.0.40219.1
Project("{FAE04EC0-301F-11D3-BF4B-00C04F79EFBC}") = "2_FIle_Open", "2_FIle_Open\2_FIle_Open.csproj", "{2408DC54-577A-4250-BEE4-445DC8928760}"
EndProject
Global
	GlobalSection(SolutionConfigurationPlatforms) = preSolution
		Debug|Any CPU = Debug|Any CPU
		Release|Any CPU = Release|Any CPU
	EndGlobalSection
	GlobalSection(ProjectConfigurationPlatforms) = postSolution
		{2408DC54-577A-4250-BEE4-445DC8928760}.Debug|Any CPU.ActiveCfg = Debug|Any CPU
		{2408DC54-577A-4250-BEE4-445DC8928760}.Debug|Any CPU.Build.0 = Debug|Any CPU
		{2408DC54-577A-4250-BEE4-445DC8928760}.Release|Any CPU.ActiveCfg = Release|Any CPU
		{2408DC54-577A-4250-BEE4-445DC8928760}.Release|Any CPU.Build.0 = Release|Any CPU
	EndGlobalSection
	GlobalSection(SolutionProperties) = preSolution
		HideSolutionNode = FALSE
	EndGlobalSection
	GlobalSection(ExtensibilityGlobals) = postSolution
		SolutionGuid = {EC1B44EF-69FE-47A4-B62E-60F1EB344F66}
	EndGlobalSection
EndGlobal
