
Microsoft Visual Studio Solution File, Format Version 12.00
# Visual Studio Version 16
VisualStudioVersion = 16.0.32901.82
MinimumVisualStudioVersion = 10.0.40219.1
Project("{FAE04EC0-301F-11D3-BF4B-00C04F79EFBC}") = "40_WCF_Reconnection_Client", "40_WCF_Reconnection_Client\40_WCF_Reconnection_Client.csproj", "{11365149-42EA-4C01-B013-511C9B4F62A4}"
EndProject
Global
	GlobalSection(SolutionConfigurationPlatforms) = preSolution
		Debug|Any CPU = Debug|Any CPU
		Release|Any CPU = Release|Any CPU
	EndGlobalSection
	GlobalSection(ProjectConfigurationPlatforms) = postSolution
		{11365149-42EA-4C01-B013-511C9B4F62A4}.Debug|Any CPU.ActiveCfg = Debug|Any CPU
		{11365149-42EA-4C01-B013-511C9B4F62A4}.Debug|Any CPU.Build.0 = Debug|Any CPU
		{11365149-42EA-4C01-B013-511C9B4F62A4}.Release|Any CPU.ActiveCfg = Release|Any CPU
		{11365149-42EA-4C01-B013-511C9B4F62A4}.Release|Any CPU.Build.0 = Release|Any CPU
	EndGlobalSection
	GlobalSection(SolutionProperties) = preSolution
		HideSolutionNode = FALSE
	EndGlobalSection
	GlobalSection(ExtensibilityGlobals) = postSolution
		SolutionGuid = {F370962E-29A7-4762-9588-D49133F813F4}
	EndGlobalSection
EndGlobal
