
Microsoft Visual Studio Solution File, Format Version 12.00
# Visual Studio Version 16
VisualStudioVersion = 16.0.32901.82
MinimumVisualStudioVersion = 10.0.40219.1
Project("{FAE04EC0-301F-11D3-BF4B-00C04F79EFBC}") = "68_Blocked_Frontend_Server", "68_Blocked_Frontend_Server\68_Blocked_Frontend_Server.csproj", "{7661BF0F-AFC1-4ABD-A435-0E2514F5F39A}"
EndProject
Global
	GlobalSection(SolutionConfigurationPlatforms) = preSolution
		Debug|Any CPU = Debug|Any CPU
		Release|Any CPU = Release|Any CPU
	EndGlobalSection
	GlobalSection(ProjectConfigurationPlatforms) = postSolution
		{7661BF0F-AFC1-4ABD-A435-0E2514F5F39A}.Debug|Any CPU.ActiveCfg = Debug|Any CPU
		{7661BF0F-AFC1-4ABD-A435-0E2514F5F39A}.Debug|Any CPU.Build.0 = Debug|Any CPU
		{7661BF0F-AFC1-4ABD-A435-0E2514F5F39A}.Release|Any CPU.ActiveCfg = Release|Any CPU
		{7661BF0F-AFC1-4ABD-A435-0E2514F5F39A}.Release|Any CPU.Build.0 = Release|Any CPU
	EndGlobalSection
	GlobalSection(SolutionProperties) = preSolution
		HideSolutionNode = FALSE
	EndGlobalSection
	GlobalSection(ExtensibilityGlobals) = postSolution
		SolutionGuid = {15728746-62AA-47E1-909D-862B3EDBB70E}
	EndGlobalSection
EndGlobal
