
Microsoft Visual Studio Solution File, Format Version 12.00
# Visual Studio Version 16
VisualStudioVersion = 16.0.32901.82
MinimumVisualStudioVersion = 10.0.40219.1
Project("{FAE04EC0-301F-11D3-BF4B-00C04F79EFBC}") = "86_DB_Monitor", "86_DB_Monitor\86_DB_Monitor.csproj", "{276E6F91-05F9-4324-8DCF-F9B2304A8BDD}"
EndProject
Global
	GlobalSection(SolutionConfigurationPlatforms) = preSolution
		Debug|Any CPU = Debug|Any CPU
		Release|Any CPU = Release|Any CPU
	EndGlobalSection
	GlobalSection(ProjectConfigurationPlatforms) = postSolution
		{276E6F91-05F9-4324-8DCF-F9B2304A8BDD}.Debug|Any CPU.ActiveCfg = Debug|Any CPU
		{276E6F91-05F9-4324-8DCF-F9B2304A8BDD}.Debug|Any CPU.Build.0 = Debug|Any CPU
		{276E6F91-05F9-4324-8DCF-F9B2304A8BDD}.Release|Any CPU.ActiveCfg = Release|Any CPU
		{276E6F91-05F9-4324-8DCF-F9B2304A8BDD}.Release|Any CPU.Build.0 = Release|Any CPU
	EndGlobalSection
	GlobalSection(SolutionProperties) = preSolution
		HideSolutionNode = FALSE
	EndGlobalSection
	GlobalSection(ExtensibilityGlobals) = postSolution
		SolutionGuid = {A6D3A87F-927A-4F31-9936-B275CD3888BF}
	EndGlobalSection
EndGlobal
