
Microsoft Visual Studio Solution File, Format Version 12.00
# Visual Studio Version 16
VisualStudioVersion = 16.0.32901.82
MinimumVisualStudioVersion = 10.0.40219.1
Project("{FAE04EC0-301F-11D3-BF4B-00C04F79EFBC}") = "7_Modbus_Cache", "7_Modbus_Cache\7_Modbus_Cache.csproj", "{A47AA6B9-996A-4C38-8BFD-FFF0CDAF849D}"
EndProject
Global
	GlobalSection(SolutionConfigurationPlatforms) = preSolution
		Debug|Any CPU = Debug|Any CPU
		Release|Any CPU = Release|Any CPU
	EndGlobalSection
	GlobalSection(ProjectConfigurationPlatforms) = postSolution
		{A47AA6B9-996A-4C38-8BFD-FFF0CDAF849D}.Debug|Any CPU.ActiveCfg = Debug|Any CPU
		{A47AA6B9-996A-4C38-8BFD-FFF0CDAF849D}.Debug|Any CPU.Build.0 = Debug|Any CPU
		{A47AA6B9-996A-4C38-8BFD-FFF0CDAF849D}.Release|Any CPU.ActiveCfg = Release|Any CPU
		{A47AA6B9-996A-4C38-8BFD-FFF0CDAF849D}.Release|Any CPU.Build.0 = Release|Any CPU
	EndGlobalSection
	GlobalSection(SolutionProperties) = preSolution
		HideSolutionNode = FALSE
	EndGlobalSection
	GlobalSection(ExtensibilityGlobals) = postSolution
		SolutionGuid = {998D32F4-9398-48A8-A07F-E522FDE70A6F}
	EndGlobalSection
EndGlobal
