
Microsoft Visual Studio Solution File, Format Version 12.00
# Visual Studio Version 16
VisualStudioVersion = 16.0.32901.82
MinimumVisualStudioVersion = 10.0.40219.1
Project("{FAE04EC0-301F-11D3-BF4B-00C04F79EFBC}") = "2_Server_Functions", "2_Server_Functions\2_Server_Functions.csproj", "{1CEBC0AA-861C-43AE-AF75-073205E58695}"
EndProject
Global
	GlobalSection(SolutionConfigurationPlatforms) = preSolution
		Debug|Any CPU = Debug|Any CPU
		Release|Any CPU = Release|Any CPU
	EndGlobalSection
	GlobalSection(ProjectConfigurationPlatforms) = postSolution
		{1CEBC0AA-861C-43AE-AF75-073205E58695}.Debug|Any CPU.ActiveCfg = Debug|Any CPU
		{1CEBC0AA-861C-43AE-AF75-073205E58695}.Debug|Any CPU.Build.0 = Debug|Any CPU
		{1CEBC0AA-861C-43AE-AF75-073205E58695}.Release|Any CPU.ActiveCfg = Release|Any CPU
		{1CEBC0AA-861C-43AE-AF75-073205E58695}.Release|Any CPU.Build.0 = Release|Any CPU
	EndGlobalSection
	GlobalSection(SolutionProperties) = preSolution
		HideSolutionNode = FALSE
	EndGlobalSection
	GlobalSection(ExtensibilityGlobals) = postSolution
		SolutionGuid = {571D3C25-0060-48FB-A54C-F7DB006E6868}
	EndGlobalSection
EndGlobal
