
Microsoft Visual Studio Solution File, Format Version 12.00
# Visual Studio Version 16
VisualStudioVersion = 16.0.32901.82
MinimumVisualStudioVersion = 10.0.40219.1
Project("{FAE04EC0-301F-11D3-BF4B-00C04F79EFBC}") = "51_WCF_Duplex_Server", "51_WCF_Duplex_Server\51_WCF_Duplex_Server.csproj", "{35E6ACC3-8464-4043-B69A-7B7B8CA420B5}"
EndProject
Global
	GlobalSection(SolutionConfigurationPlatforms) = preSolution
		Debug|Any CPU = Debug|Any CPU
		Release|Any CPU = Release|Any CPU
	EndGlobalSection
	GlobalSection(ProjectConfigurationPlatforms) = postSolution
		{35E6ACC3-8464-4043-B69A-7B7B8CA420B5}.Debug|Any CPU.ActiveCfg = Debug|Any CPU
		{35E6ACC3-8464-4043-B69A-7B7B8CA420B5}.Debug|Any CPU.Build.0 = Debug|Any CPU
		{35E6ACC3-8464-4043-B69A-7B7B8CA420B5}.Release|Any CPU.ActiveCfg = Release|Any CPU
		{35E6ACC3-8464-4043-B69A-7B7B8CA420B5}.Release|Any CPU.Build.0 = Release|Any CPU
	EndGlobalSection
	GlobalSection(SolutionProperties) = preSolution
		HideSolutionNode = FALSE
	EndGlobalSection
	GlobalSection(ExtensibilityGlobals) = postSolution
		SolutionGuid = {64789EE0-92B0-4DCE-9561-AA200A27A02F}
	EndGlobalSection
EndGlobal
