
Microsoft Visual Studio Solution File, Format Version 12.00
# Visual Studio Version 16
VisualStudioVersion = 16.0.32901.82
MinimumVisualStudioVersion = 10.0.40219.1
Project("{FAE04EC0-301F-11D3-BF4B-00C04F79EFBC}") = "1_IP_Addresses", "1_IP_Addresses\1_IP_Addresses.csproj", "{B539F6F6-CFF2-4D23-A9F2-BEFC9CB144F6}"
EndProject
Global
	GlobalSection(SolutionConfigurationPlatforms) = preSolution
		Debug|Any CPU = Debug|Any CPU
		Release|Any CPU = Release|Any CPU
	EndGlobalSection
	GlobalSection(ProjectConfigurationPlatforms) = postSolution
		{B539F6F6-CFF2-4D23-A9F2-BEFC9CB144F6}.Debug|Any CPU.ActiveCfg = Debug|Any CPU
		{B539F6F6-CFF2-4D23-A9F2-BEFC9CB144F6}.Debug|Any CPU.Build.0 = Debug|Any CPU
		{B539F6F6-CFF2-4D23-A9F2-BEFC9CB144F6}.Release|Any CPU.ActiveCfg = Release|Any CPU
		{B539F6F6-CFF2-4D23-A9F2-BEFC9CB144F6}.Release|Any CPU.Build.0 = Release|Any CPU
	EndGlobalSection
	GlobalSection(SolutionProperties) = preSolution
		HideSolutionNode = FALSE
	EndGlobalSection
	GlobalSection(ExtensibilityGlobals) = postSolution
		SolutionGuid = {F6417C34-B883-455D-9205-E60A937AF51D}
	EndGlobalSection
EndGlobal
