
Microsoft Visual Studio Solution File, Format Version 12.00
# Visual Studio Version 16
VisualStudioVersion = 16.0.32901.82
MinimumVisualStudioVersion = 10.0.40219.1
Project("{FAE04EC0-301F-11D3-BF4B-00C04F79EFBC}") = "89_Convert_RGB", "89_Convert_RGB\89_Convert_RGB.csproj", "{92A01C66-975D-4CA7-B04C-CA6F76E87BEF}"
EndProject
Global
	GlobalSection(SolutionConfigurationPlatforms) = preSolution
		Debug|Any CPU = Debug|Any CPU
		Release|Any CPU = Release|Any CPU
	EndGlobalSection
	GlobalSection(ProjectConfigurationPlatforms) = postSolution
		{92A01C66-975D-4CA7-B04C-CA6F76E87BEF}.Debug|Any CPU.ActiveCfg = Debug|Any CPU
		{92A01C66-975D-4CA7-B04C-CA6F76E87BEF}.Debug|Any CPU.Build.0 = Debug|Any CPU
		{92A01C66-975D-4CA7-B04C-CA6F76E87BEF}.Release|Any CPU.ActiveCfg = Release|Any CPU
		{92A01C66-975D-4CA7-B04C-CA6F76E87BEF}.Release|Any CPU.Build.0 = Release|Any CPU
	EndGlobalSection
	GlobalSection(SolutionProperties) = preSolution
		HideSolutionNode = FALSE
	EndGlobalSection
	GlobalSection(ExtensibilityGlobals) = postSolution
		SolutionGuid = {52758C2B-9728-466D-83E9-84A02A0C3320}
	EndGlobalSection
EndGlobal
