
Microsoft Visual Studio Solution File, Format Version 12.00
# Visual Studio Version 16
VisualStudioVersion = 16.0.32901.82
MinimumVisualStudioVersion = 10.0.40219.1
Project("{FAE04EC0-301F-11D3-BF4B-00C04F79EFBC}") = "46_WCF_Call_Stack_Client", "46_WCF_Call_Stack_Client\46_WCF_Call_Stack_Client.csproj", "{BD934354-33EB-4D54-A281-2D3E556E69BB}"
EndProject
Global
	GlobalSection(SolutionConfigurationPlatforms) = preSolution
		Debug|Any CPU = Debug|Any CPU
		Release|Any CPU = Release|Any CPU
	EndGlobalSection
	GlobalSection(ProjectConfigurationPlatforms) = postSolution
		{BD934354-33EB-4D54-A281-2D3E556E69BB}.Debug|Any CPU.ActiveCfg = Debug|Any CPU
		{BD934354-33EB-4D54-A281-2D3E556E69BB}.Debug|Any CPU.Build.0 = Debug|Any CPU
		{BD934354-33EB-4D54-A281-2D3E556E69BB}.Release|Any CPU.ActiveCfg = Release|Any CPU
		{BD934354-33EB-4D54-A281-2D3E556E69BB}.Release|Any CPU.Build.0 = Release|Any CPU
	EndGlobalSection
	GlobalSection(SolutionProperties) = preSolution
		HideSolutionNode = FALSE
	EndGlobalSection
	GlobalSection(ExtensibilityGlobals) = postSolution
		SolutionGuid = {9043F8C4-8966-4FF7-9120-95B9D1FF3E5E}
	EndGlobalSection
EndGlobal
